[[package]]
name = "natsort"
version = "8.4.0"
description = "Simple yet flexible natural sorting in Python."
category = "main"
optional = false
python-versions = ">=3.7"

[package.extras]
fast = ["fastnumbers (>=2.0.0)"]
icu = ["PyICU (>=1.0.0)"]

[metadata]
lock-version = "1.1"
python-versions = "^3.12"
content-hash = "62f2885008eb055c4b51ad7827ba9b2e49ae80194d659f5a92c2c40d08737669"

[metadata.files]
natsort = []
